{
  "name": "rhythm-bot",
  "version": "1.0.0",
  "lockfileVersion": 1,
  "requires": true,
  "dependencies": {
    "async": {
      "version": "1.5.2",
      "resolved": "https://registry.npmjs.org/async/-/async-1.5.2.tgz",
      "integrity": "sha1-7GphrlZIDAw8skHJVhjiCJL5Zyo="
    },
    "asynckit": {
      "version": "0.4.0",
      "resolved": "https://registry.npmjs.org/asynckit/-/asynckit-0.4.0.tgz",
      "integrity": "sha1-x57Zf380y48robyXkLzDZkdLS3k="
    },
    "bindings": {
      "version": "1.2.1",
      "resolved": "https://registry.npmjs.org/bindings/-/bindings-1.2.1.tgz",
      "integrity": "sha1-FK1hE4EtLTfXLme0ystLtyZQXxE="
    },
    "combined-stream": {
      "version": "1.0.5",
      "resolved": "https://registry.npmjs.org/combined-stream/-/combined-stream-1.0.5.tgz",
      "integrity": "sha1-k4NwpXtKUd6ix3wV1cX9+JUWQAk=",
      "requires": {
        "delayed-stream": "1.0.0"
      }
    },
    "commander": {
      "version": "2.16.0",
      "resolved": "https://registry.npmjs.org/commander/-/commander-2.16.0.tgz",
      "integrity": "sha512-sVXqklSaotK9at437sFlFpyOcJonxe0yST/AG9DkQKUdIE6IqGIMv4SfAQSKaJbSdVEJYItASCrBiVQHq1HQew=="
    },
    "component-emitter": {
      "version": "1.2.1",
      "resolved": "https://registry.npmjs.org/component-emitter/-/component-emitter-1.2.1.tgz",
      "integrity": "sha1-E3kY1teCg/ffemt8WmPhQOaUJeY="
    },
    "cookiejar": {
      "version": "2.1.1",
      "resolved": "https://registry.npmjs.org/cookiejar/-/cookiejar-2.1.1.tgz",
      "integrity": "sha1-Qa1XsbVVlR7BcUEqgZQrHoIA00o="
    },
    "core-util-is": {
      "version": "1.0.2",
      "resolved": "https://registry.npmjs.org/core-util-is/-/core-util-is-1.0.2.tgz",
      "integrity": "sha1-tf1UIgqivFq1eqtxQMlAdUUDwac="
    },
    "debug": {
      "version": "2.6.9",
      "resolved": "https://registry.npmjs.org/debug/-/debug-2.6.9.tgz",
      "integrity": "sha1-XRKFFd8TT/Mn6QpMk/Tgd6U2NB8=",
      "requires": {
        "ms": "2.0.0"
      }
    },
    "delayed-stream": {
      "version": "1.0.0",
      "resolved": "https://registry.npmjs.org/delayed-stream/-/delayed-stream-1.0.0.tgz",
      "integrity": "sha1-3zrhmayt+31ECqrgsp4icrJOxhk="
    },
    "discord.js": {
      "version": "10.0.1",
      "resolved": "https://registry.npmjs.org/discord.js/-/discord.js-10.0.1.tgz",
      "integrity": "sha1-lmOALvKlKWHRC3MejTV+0eF10Gs=",
      "requires": {
        "superagent": "2.3.0",
        "tweetnacl": "0.14.5",
        "ws": "1.1.5"
      },
      "dependencies": {
        "superagent": {
          "version": "2.3.0",
          "resolved": "https://registry.npmjs.org/superagent/-/superagent-2.3.0.tgz",
          "integrity": "sha1-cDUpoHFOV+EjlZ3e+84ZOy5Q0RU=",
          "requires": {
            "component-emitter": "1.2.1",
            "cookiejar": "2.1.1",
            "debug": "2.6.9",
            "extend": "3.0.1",
            "form-data": "1.0.0-rc4",
            "formidable": "1.1.1",
            "methods": "1.1.2",
            "mime": "1.6.0",
            "qs": "6.5.1",
            "readable-stream": "2.3.3"
          }
        }
      }
    },
    "extend": {
      "version": "3.0.1",
      "resolved": "https://registry.npmjs.org/extend/-/extend-3.0.1.tgz",
      "integrity": "sha1-p1Xqe8Gt/MWjHOfnYtuq3F5jZEQ="
    },
    "form-data": {
      "version": "1.0.0-rc4",
      "resolved": "https://registry.npmjs.org/form-data/-/form-data-1.0.0-rc4.tgz",
      "integrity": "sha1-BaxrwiIntD5EYfSIFhVUaZ1Pi14=",
      "requires": {
        "async": "1.5.2",
        "combined-stream": "1.0.5",
        "mime-types": "2.1.17"
      }
    },
    "formidable": {
      "version": "1.1.1",
      "resolved": "https://registry.npmjs.org/formidable/-/formidable-1.1.1.tgz",
      "integrity": "sha1-lriIb3w8NQi5Mta9cMTTqI818ak="
    },
    "graceful-fs": {
      "version": "4.1.11",
      "resolved": "https://registry.npmjs.org/graceful-fs/-/graceful-fs-4.1.11.tgz",
      "integrity": "sha1-Dovf5NHduIVNZOBOp8AOKgJuVlg=",
      "optional": true
    },
    "html-entities": {
      "version": "1.2.1",
      "resolved": "https://registry.npmjs.org/html-entities/-/html-entities-1.2.1.tgz",
      "integrity": "sha1-DfKTUfByEWNRXfueVUPl9u7VFi8="
    },
    "inherits": {
      "version": "2.0.3",
      "resolved": "https://registry.npmjs.org/inherits/-/inherits-2.0.3.tgz",
      "integrity": "sha1-Yzwsg+PaQqUC9SRmAiSA9CCCYd4="
    },
    "isarray": {
      "version": "1.0.0",
      "resolved": "https://registry.npmjs.org/isarray/-/isarray-1.0.0.tgz",
      "integrity": "sha1-u5NdSFgsuhaMBoNJV6VKPgcSTxE="
    },
    "iterate-js": {
      "version": "1.1.0",
      "resolved": "https://registry.npmjs.org/iterate-js/-/iterate-js-1.1.0.tgz",
      "integrity": "sha1-1xZ1lJl76nGtR3qD5frkrm1RWBo=",
      "requires": {
        "iterate-js-lite": "1.1.0"
      }
    },
    "iterate-js-lite": {
      "version": "1.1.0",
      "resolved": "https://registry.npmjs.org/iterate-js-lite/-/iterate-js-lite-1.1.0.tgz",
      "integrity": "sha1-KJgmJqlkf3xecBkprZ9MLKnkjiI="
    },
    "jsonfile": {
      "version": "2.4.0",
      "resolved": "https://registry.npmjs.org/jsonfile/-/jsonfile-2.4.0.tgz",
      "integrity": "sha1-NzaitCi4e72gzIO1P6PWM6NcKug=",
      "requires": {
        "graceful-fs": "4.1.11"
      }
    },
    "lodash": {
      "version": "4.17.4",
      "resolved": "https://registry.npmjs.org/lodash/-/lodash-4.17.4.tgz",
      "integrity": "sha1-eCA6TRwyiuHYbcpkYONptX9AVa4="
    },
    "m3u8stream": {
      "version": "0.2.2",
      "resolved": "https://registry.npmjs.org/m3u8stream/-/m3u8stream-0.2.2.tgz",
      "integrity": "sha512-R/xWLXBtVr0m9sPruRL4p9uO01JyHxhcQ4nhqQhVgyT802OZyVW+dn+fWHvTnbfE6YMLc65TksZZut+Mh2OVMQ==",
      "requires": {
        "miniget": "1.2.0"
      }
    },
    "methods": {
      "version": "1.1.2",
      "resolved": "https://registry.npmjs.org/methods/-/methods-1.1.2.tgz",
      "integrity": "sha1-VSmk1nZUE07cxSZmVoNbD4Ua/O4="
    },
    "mime": {
      "version": "1.6.0",
      "resolved": "https://registry.npmjs.org/mime/-/mime-1.6.0.tgz",
      "integrity": "sha1-Ms2eXGRVO9WNGaVor0Uqz/BJgbE="
    },
    "mime-db": {
      "version": "1.30.0",
      "resolved": "https://registry.npmjs.org/mime-db/-/mime-db-1.30.0.tgz",
      "integrity": "sha1-dMZD2i3Z1qRTmZY0ZbJtXKfXHwE="
    },
    "mime-types": {
      "version": "2.1.17",
      "resolved": "https://registry.npmjs.org/mime-types/-/mime-types-2.1.17.tgz",
      "integrity": "sha1-Cdejk/A+mVp5+K+Fe3Cp4KsWVXo=",
      "requires": {
        "mime-db": "1.30.0"
      }
    },
    "miniget": {
      "version": "1.2.0",
      "resolved": "https://registry.npmjs.org/miniget/-/miniget-1.2.0.tgz",
      "integrity": "sha1-ADY3Oia71S2+aUX85sjAOR6eEkE="
    },
    "moment": {
      "version": "2.19.4",
      "resolved": "https://registry.npmjs.org/moment/-/moment-2.19.4.tgz",
      "integrity": "sha1-F+XixurYgZyOz62DoKzMsxLpRoI="
    },
    "ms": {
      "version": "2.0.0",
      "resolved": "https://registry.npmjs.org/ms/-/ms-2.0.0.tgz",
      "integrity": "sha1-VgiurfwAvmwpAd9fmGF4jeDVl8g="
    },
    "nan": {
      "version": "2.10.0",
      "resolved": "https://registry.npmjs.org/nan/-/nan-2.10.0.tgz",
      "integrity": "sha512-bAdJv7fBLhWC+/Bls0Oza+mvTaNQtP+1RyhhhvD95pgUJz6XM5IzgmxOkItJ9tkoCiplvAnXI1tNmmUD/eScyA=="
    },
    "node-opus": {
      "version": "0.3.0",
      "resolved": "https://registry.npmjs.org/node-opus/-/node-opus-0.3.0.tgz",
      "integrity": "sha512-Hih2TCi/vQUY4D9PBiATT6fluJSjMJPLBfCNgAxJx03v6jT+UlVmXUKR62RXYWyijhXNghsFJMyeBe7MBm3cmQ==",
      "requires": {
        "bindings": "1.2.1",
        "commander": "2.16.0",
        "nan": "2.10.0",
        "ogg-packet": "1.0.0"
      }
    },
    "ogg-packet": {
      "version": "1.0.0",
      "resolved": "https://registry.npmjs.org/ogg-packet/-/ogg-packet-1.0.0.tgz",
      "integrity": "sha1-RbiFchrI991c8iOR1CEGrlM6xng=",
      "optional": true,
      "requires": {
        "ref-struct": "1.1.0"
      }
    },
    "options": {
      "version": "0.0.6",
      "resolved": "https://registry.npmjs.org/options/-/options-0.0.6.tgz",
      "integrity": "sha1-7CLTEoBrtT5zF3Pnza788cZDEo8="
    },
    "process-nextick-args": {
      "version": "1.0.7",
      "resolved": "https://registry.npmjs.org/process-nextick-args/-/process-nextick-args-1.0.7.tgz",
      "integrity": "sha1-FQ4gt1ZZCtP5EJPyWk8q2L/zC6M="
    },
    "qs": {
      "version": "6.5.1",
      "resolved": "https://registry.npmjs.org/qs/-/qs-6.5.1.tgz",
      "integrity": "sha1-NJzfbu+J7EXBLX1es/wMhwNDptg="
    },
    "readable-stream": {
      "version": "2.3.3",
      "resolved": "https://registry.npmjs.org/readable-stream/-/readable-stream-2.3.3.tgz",
      "integrity": "sha1-No8lEtefnUb9/HE0mueHi7weuVw=",
      "requires": {
        "core-util-is": "1.0.2",
        "inherits": "2.0.3",
        "isarray": "1.0.0",
        "process-nextick-args": "1.0.7",
        "safe-buffer": "5.1.1",
        "string_decoder": "1.0.3",
        "util-deprecate": "1.0.2"
      }
    },
    "ref": {
      "version": "1.3.5",
      "resolved": "https://registry.npmjs.org/ref/-/ref-1.3.5.tgz",
      "integrity": "sha512-2cBCniTtxcGUjDpvFfVpw323a83/0RLSGJJY5l5lcomZWhYpU2cuLdsvYqMixvsdLJ9+sTdzEkju8J8ZHDM2nA==",
      "optional": true,
      "requires": {
        "bindings": "1.2.1",
        "debug": "2.6.9",
        "nan": "2.10.0"
      }
    },
    "ref-struct": {
      "version": "1.1.0",
      "resolved": "https://registry.npmjs.org/ref-struct/-/ref-struct-1.1.0.tgz",
      "integrity": "sha1-XV7mWtQc78Olxf60BYcmHkee3BM=",
      "optional": true,
      "requires": {
        "debug": "2.6.9",
        "ref": "1.3.5"
      }
    },
    "safe-buffer": {
      "version": "5.1.1",
      "resolved": "https://registry.npmjs.org/safe-buffer/-/safe-buffer-5.1.1.tgz",
      "integrity": "sha1-iTMSr2myEj3vcfV4iQAWce6yyFM="
    },
    "sax": {
      "version": "1.2.4",
      "resolved": "https://registry.npmjs.org/sax/-/sax-1.2.4.tgz",
      "integrity": "sha1-KBYjTiN4vdxOU1T6tcqold9xANk="
    },
    "spotify-web-api-node": {
      "version": "2.5.0",
      "resolved": "https://registry.npmjs.org/spotify-web-api-node/-/spotify-web-api-node-2.5.0.tgz",
      "integrity": "sha1-tJgt7rI17eONnP+Tiask7UX/GcE=",
      "requires": {
        "superagent": "2.3.0"
      },
      "dependencies": {
        "superagent": {
          "version": "2.3.0",
          "resolved": "https://registry.npmjs.org/superagent/-/superagent-2.3.0.tgz",
          "integrity": "sha1-cDUpoHFOV+EjlZ3e+84ZOy5Q0RU=",
          "requires": {
            "component-emitter": "1.2.1",
            "cookiejar": "2.1.1",
            "debug": "2.6.9",
            "extend": "3.0.1",
            "form-data": "1.0.0-rc4",
            "formidable": "1.1.1",
            "methods": "1.1.2",
            "mime": "1.6.0",
            "qs": "6.5.1",
            "readable-stream": "2.3.3"
          }
        }
      }
    },
    "string_decoder": {
      "version": "1.0.3",
      "resolved": "https://registry.npmjs.org/string_decoder/-/string_decoder-1.0.3.tgz",
      "integrity": "sha1-D8Z9fBQYJd6UKC3VNr7GubzoYKs=",
      "requires": {
        "safe-buffer": "5.1.1"
      }
    },
    "superagent": {
      "version": "3.8.2",
      "resolved": "https://registry.npmjs.org/superagent/-/superagent-3.8.2.tgz",
      "integrity": "sha1-5KEbnQR/fT7+s7vlNtnsACHRZAM=",
      "requires": {
        "component-emitter": "1.2.1",
        "cookiejar": "2.1.1",
        "debug": "3.1.0",
        "extend": "3.0.1",
        "form-data": "2.3.1",
        "formidable": "1.1.1",
        "methods": "1.1.2",
        "mime": "1.6.0",
        "qs": "6.5.1",
        "readable-stream": "2.3.3"
      },
      "dependencies": {
        "debug": {
          "version": "3.1.0",
          "resolved": "https://registry.npmjs.org/debug/-/debug-3.1.0.tgz",
          "integrity": "sha1-W7WgZyYotkFJVmuhaBnmFRjGcmE=",
          "requires": {
            "ms": "2.0.0"
          }
        },
        "form-data": {
          "version": "2.3.1",
          "resolved": "https://registry.npmjs.org/form-data/-/form-data-2.3.1.tgz",
          "integrity": "sha1-b7lPvXGIUwbXPRXMSX/kzE7NRL8=",
          "requires": {
            "asynckit": "0.4.0",
            "combined-stream": "1.0.5",
            "mime-types": "2.1.17"
          }
        }
      }
    },
    "superagent-jsonapify": {
      "version": "1.4.5",
      "resolved": "https://registry.npmjs.org/superagent-jsonapify/-/superagent-jsonapify-1.4.5.tgz",
      "integrity": "sha1-+SKAYXVTrTNy1c/5MGePXNWaLYI=",
      "requires": {
        "lodash": "4.17.4"
      }
    },
    "through2": {
      "version": "2.0.3",
      "resolved": "https://registry.npmjs.org/through2/-/through2-2.0.3.tgz",
      "integrity": "sha1-AARWmzfHx0ujnEPzzteNGtlBQL4=",
      "requires": {
        "readable-stream": "2.3.3",
        "xtend": "4.0.1"
      }
    },
    "tweetnacl": {
      "version": "0.14.5",
      "resolved": "https://registry.npmjs.org/tweetnacl/-/tweetnacl-0.14.5.tgz",
      "integrity": "sha1-WuaBd/GS1EViadEIr6k/+HQ/T2Q="
    },
    "ultron": {
      "version": "1.0.2",
      "resolved": "https://registry.npmjs.org/ultron/-/ultron-1.0.2.tgz",
      "integrity": "sha1-rOEWq1V80Zc4ak6I9GhTeMiy5Po="
    },
    "util-deprecate": {
      "version": "1.0.2",
      "resolved": "https://registry.npmjs.org/util-deprecate/-/util-deprecate-1.0.2.tgz",
      "integrity": "sha1-RQ1Nyfpw3nMnYvvS1KKJgUGaDM8="
    },
    "ws": {
      "version": "1.1.5",
      "resolved": "https://registry.npmjs.org/ws/-/ws-1.1.5.tgz",
      "integrity": "sha1-y9nm514J/F0skAFfIfDECHXg3VE=",
      "requires": {
        "options": "0.0.6",
        "ultron": "1.0.2"
      }
    },
    "xtend": {
      "version": "4.0.1",
      "resolved": "https://registry.npmjs.org/xtend/-/xtend-4.0.1.tgz",
      "integrity": "sha1-pcbVMr5lbiPbgg77lDofBJmNY68="
    },
    "ytdl-core": {
      "version": "0.20.4",
      "resolved": "https://registry.npmjs.org/ytdl-core/-/ytdl-core-0.20.4.tgz",
      "integrity": "sha512-d+jthiJxSQ6yqCeCwwMggXYOjFSOJsD7ahvAAE1sFW9nVNnsA/roz91SFH1FzaMGS7/y7AnJfhVgpE9i8uYjJQ==",
      "requires": {
        "html-entities": "1.2.1",
        "m3u8stream": "0.2.2",
        "miniget": "1.2.0",
        "sax": "1.2.4"
      }
    }
  }
}
